{
  "name": "bear-forge",
  "lockfileVersion": 3,
  "requires": true,
  "packages": {
    "": {
      "name": "bear-forge",
      "workspaces": [
        "packages/contracts",
        "games/doudizhu"
      ],
      "devDependencies": {
        "@types/node": "26.6.4",
        "typescript": "6.0.3"
      },
      "engines": {
        "node": ">=22.18.0"
      }
    },
    "games/doudizhu": {
      "name": "@bear-forge/doudizhu",
      "dependencies": {
        "@bear-forge/contracts": "0.3.0",
        "zod": "4.6.5"
      }
    },
    "node_modules/@bear-forge/contracts": {
      "resolved": "packages/contracts",
      "link": true
    },
    "node_modules/@bear-forge/doudizhu": {
      "resolved": "games/doudizhu",
      "link": true
    },
    "node_modules/@types/node": {
      "version": "26.6.4",
      "resolved": "https://registry.npmjs.org/@types/node/-/node-26.6.4.tgz",
      "integrity": "sha512-ldVPDCzj7fsaGZrLB0NuHuTvJcsNasysBAqMolr/cgxrLd1xbqxIr3XJiPnHHJUCxj5sNF1vnRj9aWnrVh5Jcg==",
      "dev": true,
      "license": "MIT",
      "dependencies": {
        "undici-types": "~8.9.0"
      }
    },
    "node_modules/typescript": {
      "version": "6.0.3",
      "resolved": "https://registry.npmjs.org/typescript/-/typescript-6.0.3.tgz",
      "integrity": "sha512-y2TvuxSZPDyQakkFRPZHKFm+KKVqIisdg9/CZwm9ftvKXLP8NRWj38/ODjNbr43SsoXqNuAisEf1GdCxqWcdBw==",
      "dev": true,
      "license": "Apache-2.0",
      "bin": {
        "tsc": "bin/tsc",
        "tsserver": "bin/tsserver"
      },
      "engines": {
        "node": ">=14.17"
      }
    },
    "node_modules/undici-types": {
      "version": "8.9.0",
      "resolved": "https://registry.npmjs.org/undici-types/-/undici-types-8.9.0.tgz",
      "integrity": "sha512-KTDyRTYX8sWmKXAikPHHSyc63CRPETMctyjKFupcC6OBLXT3xsN0e9aF7m+mIXutFWpUXuedtowG7iLOzp0kQg==",
      "dev": true,
      "license": "MIT"
    },
    "node_modules/zod": {
      "version": "4.6.5",
      "resolved": "https://registry.npmjs.org/zod/-/zod-4.6.5.tgz",
      "integrity": "sha512-v5l/aFXZQeai4awLbOpSoHecE9UiMrnfx75tEXLjNonXVARxQ5mOeipTjROUchszUNCqnE+hqAMujRsRHsut2Q==",
      "license": "MIT",
      "funding": {
        "url": "https://github.com/sponsors/colinhacks"
      }
    },
    "packages/contracts": {
      "name": "@bear-forge/contracts",
      "dependencies": {
        "zod": "4.6.5"
      }
    }
  }
}
